
Microsoft Visual Studio Solution File, Format Version 12.00
# Visual Studio Version 16
VisualStudioVersion = 16.0.30611.23
MinimumVisualStudioVersion = 10.0.40219.1
Project("{2150E333-8FDC-42A3-9474-1A3956D46DE8}") = "Solution Items", "Solution Items", "{F764D255-3EE1-4A60-AFEC-68AA4DB22132}"
	ProjectSection(SolutionItems) = preProject
		.editorconfig = .editorconfig
	EndProjectSection
EndProject
Project("{9A19103F-16F7-4668-BE54-9A1E7A4F7556}") = "Core", "Core\Core.csproj", "{4F9CC0A8-90B8-4B0C-BCFD-AAE8B546B46D}"
EndProject
Global
	GlobalSection(SolutionConfigurationPlatforms) = preSolution
		Debug|Any CPU = Debug|Any CPU
		Release|Any CPU = Release|Any CPU
	EndGlobalSection
	GlobalSection(ProjectConfigurationPlatforms) = postSolution
		{4F9CC0A8-90B8-4B0C-BCFD-AAE8B546B46D}.Debug|Any CPU.ActiveCfg = Debug|Any CPU
		{4F9CC0A8-90B8-4B0C-BCFD-AAE8B546B46D}.Debug|Any CPU.Build.0 = Debug|Any CPU
		{4F9CC0A8-90B8-4B0C-BCFD-AAE8B546B46D}.Release|Any CPU.ActiveCfg = Release|Any CPU
		{4F9CC0A8-90B8-4B0C-BCFD-AAE8B546B46D}.Release|Any CPU.Build.0 = Release|Any CPU
	EndGlobalSection
	GlobalSection(SolutionProperties) = preSolution
		HideSolutionNode = FALSE
	EndGlobalSection
	GlobalSection(ExtensibilityGlobals) = postSolution
		SolutionGuid = {AC26BD99-D093-490E-9BB8-35591856DC78}
	EndGlobalSection
EndGlobal
