
Microsoft Visual Studio Solution File, Format Version 12.00
# Visual Studio Version 16
VisualStudioVersion = 16.0.30907.101
MinimumVisualStudioVersion = 10.0.40219.1
Project("{FAE04EC0-301F-11D3-BF4B-00C04F79EFBC}") = "Core", "Core\Core.csproj", "{968D5C97-8B74-4AA2-957A-3D52C409E7B6}"
EndProject
Global
	GlobalSection(SolutionConfigurationPlatforms) = preSolution
		Debug|Any CPU = Debug|Any CPU
		Release|Any CPU = Release|Any CPU
	EndGlobalSection
	GlobalSection(ProjectConfigurationPlatforms) = postSolution
		{968D5C97-8B74-4AA2-957A-3D52C409E7B6}.Debug|Any CPU.ActiveCfg = Debug|Any CPU
		{968D5C97-8B74-4AA2-957A-3D52C409E7B6}.Debug|Any CPU.Build.0 = Debug|Any CPU
		{968D5C97-8B74-4AA2-957A-3D52C409E7B6}.Release|Any CPU.ActiveCfg = Release|Any CPU
		{968D5C97-8B74-4AA2-957A-3D52C409E7B6}.Release|Any CPU.Build.0 = Release|Any CPU
	EndGlobalSection
	GlobalSection(SolutionProperties) = preSolution
		HideSolutionNode = FALSE
	EndGlobalSection
	GlobalSection(ExtensibilityGlobals) = postSolution
		SolutionGuid = {C38D3B8C-2FC8-4268-BD52-E7A65248C3DC}
	EndGlobalSection
EndGlobal
