
Microsoft Visual Studio Solution File, Format Version 12.00
# Visual Studio Version 16
VisualStudioVersion = 16.0.30611.23
MinimumVisualStudioVersion = 10.0.40219.1
Project("{FAE04EC0-301F-11D3-BF4B-00C04F79EFBC}") = "DataAccess", "DataAccess\DataAccess.csproj", "{F46963DC-52E7-4CFB-ACCD-5F7CC3EF0305}"
EndProject
Global
	GlobalSection(SolutionConfigurationPlatforms) = preSolution
		Debug|Any CPU = Debug|Any CPU
		Release|Any CPU = Release|Any CPU
	EndGlobalSection
	GlobalSection(ProjectConfigurationPlatforms) = postSolution
		{F46963DC-52E7-4CFB-ACCD-5F7CC3EF0305}.Debug|Any CPU.ActiveCfg = Debug|Any CPU
		{F46963DC-52E7-4CFB-ACCD-5F7CC3EF0305}.Debug|Any CPU.Build.0 = Debug|Any CPU
		{F46963DC-52E7-4CFB-ACCD-5F7CC3EF0305}.Release|Any CPU.ActiveCfg = Release|Any CPU
		{F46963DC-52E7-4CFB-ACCD-5F7CC3EF0305}.Release|Any CPU.Build.0 = Release|Any CPU
	EndGlobalSection
	GlobalSection(SolutionProperties) = preSolution
		HideSolutionNode = FALSE
	EndGlobalSection
	GlobalSection(ExtensibilityGlobals) = postSolution
		SolutionGuid = {AC26BD99-D093-490E-9BB8-35591856DC78}
	EndGlobalSection
EndGlobal
